
Microsoft Visual Studio Solution File, Format Version 11.00
# Visual Studio 2010
Project("{FAE04EC0-301F-11D3-BF4B-00C04F79EFBC}") = "Assembly-CSharp", "Assembly-CSharp.csproj", "{712AB54C-75A2-CDC2-9A8C-35FDEAE61FDE}"
EndProject
Global
	GlobalSection(SolutionConfigurationPlatforms) = preSolution
		Debug|Any CPU = Debug|Any CPU
		Release|Any CPU = Release|Any CPU
	EndGlobalSection
	GlobalSection(ProjectConfigurationPlatforms) = postSolution
		{712AB54C-75A2-CDC2-9A8C-35FDEAE61FDE}.Debug|Any CPU.ActiveCfg = Debug|Any CPU
		{712AB54C-75A2-CDC2-9A8C-35FDEAE61FDE}.Debug|Any CPU.Build.0 = Debug|Any CPU
		{712AB54C-75A2-CDC2-9A8C-35FDEAE61FDE}.Release|Any CPU.ActiveCfg = Release|Any CPU
		{712AB54C-75A2-CDC2-9A8C-35FDEAE61FDE}.Release|Any CPU.Build.0 = Release|Any CPU
	EndGlobalSection
	GlobalSection(SolutionProperties) = preSolution
		HideSolutionNode = FALSE
	EndGlobalSection
EndGlobal
